
Microsoft Visual Studio Solution File, Format Version 12.00
# Visual Studio Version 17
VisualStudioVersion = 17.4.33213.308
MinimumVisualStudioVersion = 10.0.40219.1
Project("{2150E333-8FDC-42A3-9474-1A3956D46DE8}") = "src", "src", "{F9BD040B-E6B9-44E2-8BAA-64F853B0DF3C}"
EndProject
Project("{2150E333-8FDC-42A3-9474-1A3956D46DE8}") = "test", "test", "{E2FEC77A-DC65-4FC2-8A29-C1F457740797}"
EndProject
Project("{2150E333-8FDC-42A3-9474-1A3956D46DE8}") = "External", "External", "{06257DF1-1562-4FD1-A04D-D5F255C60251}"
EndProject
Project("{2150E333-8FDC-42A3-9474-1A3956D46DE8}") = "Core", "Core", "{D23826DC-1353-4ED4-9961-C33933E37CFD}"
EndProject
Project("{9A19103F-16F7-4668-BE54-9A1E7A4F7556}") = "Application", "Application\Application.csproj", "{0FBDC98D-FCA8-4924-8C94-EA598EAFB1A4}"
EndProject
Project("{9A19103F-16F7-4668-BE54-9A1E7A4F7556}") = "Domain", "OnlineMuhasebeServer.Domain\Domain.csproj", "{6522D19C-B4F3-4506-B04C-B69DC5AC4EBB}"
EndProject
Project("{9A19103F-16F7-4668-BE54-9A1E7A4F7556}") = "Infrastructure", "OnlineMuhasebeServer.Infrastructure\Infrastructure.csproj", "{54F5D68D-143F-4588-824F-8033AF0037A6}"
EndProject
Project("{9A19103F-16F7-4668-BE54-9A1E7A4F7556}") = "Persistance", "OnlineMuhasebeServer.Persistance\Persistance.csproj", "{C19FA142-D665-4725-BE87-D41B3BCBB99E}"
EndProject
Project("{9A19103F-16F7-4668-BE54-9A1E7A4F7556}") = "Presentation", "Presentation\Presentation.csproj", "{512FF909-B956-4823-A22C-C10070EA087E}"
EndProject
Project("{9A19103F-16F7-4668-BE54-9A1E7A4F7556}") = "WebAPI", "WebAPI\WebAPI.csproj", "{7F7B7DE9-357A-4CDA-8AB7-C48B5D185A80}"
EndProject
Global
	GlobalSection(SolutionConfigurationPlatforms) = preSolution
		Debug|Any CPU = Debug|Any CPU
		Release|Any CPU = Release|Any CPU
	EndGlobalSection
	GlobalSection(ProjectConfigurationPlatforms) = postSolution
		{0FBDC98D-FCA8-4924-8C94-EA598EAFB1A4}.Debug|Any CPU.ActiveCfg = Debug|Any CPU
		{0FBDC98D-FCA8-4924-8C94-EA598EAFB1A4}.Debug|Any CPU.Build.0 = Debug|Any CPU
		{0FBDC98D-FCA8-4924-8C94-EA598EAFB1A4}.Release|Any CPU.ActiveCfg = Release|Any CPU
		{0FBDC98D-FCA8-4924-8C94-EA598EAFB1A4}.Release|Any CPU.Build.0 = Release|Any CPU
		{6522D19C-B4F3-4506-B04C-B69DC5AC4EBB}.Debug|Any CPU.ActiveCfg = Debug|Any CPU
		{6522D19C-B4F3-4506-B04C-B69DC5AC4EBB}.Debug|Any CPU.Build.0 = Debug|Any CPU
		{6522D19C-B4F3-4506-B04C-B69DC5AC4EBB}.Release|Any CPU.ActiveCfg = Release|Any CPU
		{6522D19C-B4F3-4506-B04C-B69DC5AC4EBB}.Release|Any CPU.Build.0 = Release|Any CPU
		{54F5D68D-143F-4588-824F-8033AF0037A6}.Debug|Any CPU.ActiveCfg = Debug|Any CPU
		{54F5D68D-143F-4588-824F-8033AF0037A6}.Debug|Any CPU.Build.0 = Debug|Any CPU
		{54F5D68D-143F-4588-824F-8033AF0037A6}.Release|Any CPU.ActiveCfg = Release|Any CPU
		{54F5D68D-143F-4588-824F-8033AF0037A6}.Release|Any CPU.Build.0 = Release|Any CPU
		{C19FA142-D665-4725-BE87-D41B3BCBB99E}.Debug|Any CPU.ActiveCfg = Debug|Any CPU
		{C19FA142-D665-4725-BE87-D41B3BCBB99E}.Debug|Any CPU.Build.0 = Debug|Any CPU
		{C19FA142-D665-4725-BE87-D41B3BCBB99E}.Release|Any CPU.ActiveCfg = Release|Any CPU
		{C19FA142-D665-4725-BE87-D41B3BCBB99E}.Release|Any CPU.Build.0 = Release|Any CPU
		{512FF909-B956-4823-A22C-C10070EA087E}.Debug|Any CPU.ActiveCfg = Debug|Any CPU
		{512FF909-B956-4823-A22C-C10070EA087E}.Debug|Any CPU.Build.0 = Debug|Any CPU
		{512FF909-B956-4823-A22C-C10070EA087E}.Release|Any CPU.ActiveCfg = Release|Any CPU
		{512FF909-B956-4823-A22C-C10070EA087E}.Release|Any CPU.Build.0 = Release|Any CPU
		{7F7B7DE9-357A-4CDA-8AB7-C48B5D185A80}.Debug|Any CPU.ActiveCfg = Debug|Any CPU
		{7F7B7DE9-357A-4CDA-8AB7-C48B5D185A80}.Debug|Any CPU.Build.0 = Debug|Any CPU
		{7F7B7DE9-357A-4CDA-8AB7-C48B5D185A80}.Release|Any CPU.ActiveCfg = Release|Any CPU
		{7F7B7DE9-357A-4CDA-8AB7-C48B5D185A80}.Release|Any CPU.Build.0 = Release|Any CPU
	EndGlobalSection
	GlobalSection(SolutionProperties) = preSolution
		HideSolutionNode = FALSE
	EndGlobalSection
	GlobalSection(NestedProjects) = preSolution
		{06257DF1-1562-4FD1-A04D-D5F255C60251} = {F9BD040B-E6B9-44E2-8BAA-64F853B0DF3C}
		{D23826DC-1353-4ED4-9961-C33933E37CFD} = {F9BD040B-E6B9-44E2-8BAA-64F853B0DF3C}
		{0FBDC98D-FCA8-4924-8C94-EA598EAFB1A4} = {D23826DC-1353-4ED4-9961-C33933E37CFD}
		{6522D19C-B4F3-4506-B04C-B69DC5AC4EBB} = {D23826DC-1353-4ED4-9961-C33933E37CFD}
		{54F5D68D-143F-4588-824F-8033AF0037A6} = {06257DF1-1562-4FD1-A04D-D5F255C60251}
		{C19FA142-D665-4725-BE87-D41B3BCBB99E} = {06257DF1-1562-4FD1-A04D-D5F255C60251}
		{512FF909-B956-4823-A22C-C10070EA087E} = {06257DF1-1562-4FD1-A04D-D5F255C60251}
		{7F7B7DE9-357A-4CDA-8AB7-C48B5D185A80} = {F9BD040B-E6B9-44E2-8BAA-64F853B0DF3C}
	EndGlobalSection
	GlobalSection(ExtensibilityGlobals) = postSolution
		SolutionGuid = {A3D17765-05F2-45CA-8F44-BC6554202BD7}
	EndGlobalSection
EndGlobal
